// !$*UTF8*$!
{
	archiveVersion = 1;
	classes = {
	};
	objectVersion = 56;
	objects = {

/* Begin PBXBuildFile section */
		A10100000000000000000001 /* AuthViews.swift in Sources */ = {isa = PBXBuildFile; fileRef = A10200000000000000000001 /* AuthViews.swift */; };
		A10100000000000000000002 /* InstructionManager.swift in Sources */ = {isa = PBXBuildFile; fileRef = A10200000000000000000002 /* InstructionManager.swift */; };
		A10100000000000000000003 /* LocalSpellStore.swift in Sources */ = {isa = PBXBuildFile; fileRef = A10200000000000000000003 /* LocalSpellStore.swift */; };
		A10100000000000000000004 /* MainView.swift in Sources */ = {isa = PBXBuildFile; fileRef = A10200000000000000000004 /* MainView.swift */; };
		A10100000000000000000005 /* Session.swift in Sources */ = {isa = PBXBuildFile; fileRef = A10200000000000000000005 /* Session.swift */; };
		A10100000000000000000006 /* Spell.swift in Sources */ = {isa = PBXBuildFile; fileRef = A10200000000000000000006 /* Spell.swift */; };
		A10100000000000000000007 /* SpellPages.swift in Sources */ = {isa = PBXBuildFile; fileRef = A10200000000000000000007 /* SpellPages.swift */; };
		A10100000000000000000008 /* SpellbookAPI.swift in Sources */ = {isa = PBXBuildFile; fileRef = A10200000000000000000008 /* SpellbookAPI.swift */; };
		A10100000000000000000009 /* SpellbookApp.swift in Sources */ = {isa = PBXBuildFile; fileRef = A10200000000000000000009 /* SpellbookApp.swift */; };
		A10100000000000000000010 /* URL+Spellbook.swift in Sources */ = {isa = PBXBuildFile; fileRef = A10200000000000000000010 /* URL+Spellbook.swift */; };
		A10100000000000000000011 /* DeepLinkModel.swift in Sources */ = {isa = PBXBuildFile; fileRef = A10200000000000000000013 /* DeepLinkModel.swift */; };
		A10100000000000000000012 /* Assets.xcassets in Resources */ = {isa = PBXBuildFile; fileRef = A10200000000000000000015 /* Assets.xcassets */; };
/* End PBXBuildFile section */

/* Begin PBXFileReference section */
		A10200000000000000000001 /* AuthViews.swift */ = {isa = PBXFileReference; lastKnownFileType = sourcecode.swift; path = AuthViews.swift; sourceTree = "<group>"; };
		A10200000000000000000002 /* InstructionManager.swift */ = {isa = PBXFileReference; lastKnownFileType = sourcecode.swift; path = InstructionManager.swift; sourceTree = "<group>"; };
		A10200000000000000000003 /* LocalSpellStore.swift */ = {isa = PBXFileReference; lastKnownFileType = sourcecode.swift; path = LocalSpellStore.swift; sourceTree = "<group>"; };
		A10200000000000000000004 /* MainView.swift */ = {isa = PBXFileReference; lastKnownFileType = sourcecode.swift; path = MainView.swift; sourceTree = "<group>"; };
		A10200000000000000000005 /* Session.swift */ = {isa = PBXFileReference; lastKnownFileType = sourcecode.swift; path = Session.swift; sourceTree = "<group>"; };
		A10200000000000000000006 /* Spell.swift */ = {isa = PBXFileReference; lastKnownFileType = sourcecode.swift; path = Spell.swift; sourceTree = "<group>"; };
		A10200000000000000000007 /* SpellPages.swift */ = {isa = PBXFileReference; lastKnownFileType = sourcecode.swift; path = SpellPages.swift; sourceTree = "<group>"; };
		A10200000000000000000008 /* SpellbookAPI.swift */ = {isa = PBXFileReference; lastKnownFileType = sourcecode.swift; path = SpellbookAPI.swift; sourceTree = "<group>"; };
		A10200000000000000000009 /* SpellbookApp.swift */ = {isa = PBXFileReference; lastKnownFileType = sourcecode.swift; path = SpellbookApp.swift; sourceTree = "<group>"; };
		A10200000000000000000010 /* URL+Spellbook.swift */ = {isa = PBXFileReference; lastKnownFileType = sourcecode.swift; path = "URL+Spellbook.swift"; sourceTree = "<group>"; };
		A10200000000000000000011 /* Spellbook.entitlements */ = {isa = PBXFileReference; lastKnownFileType = text.plist.entitlements; path = Spellbook.entitlements; sourceTree = "<group>"; };
		A10200000000000000000012 /* Raddus Spellbook.app */ = {isa = PBXFileReference; explicitFileType = wrapper.application; includeInIndex = 0; path = "Raddus Spellbook.app"; sourceTree = BUILT_PRODUCTS_DIR; };
		A10200000000000000000013 /* DeepLinkModel.swift */ = {isa = PBXFileReference; lastKnownFileType = sourcecode.swift; path = DeepLinkModel.swift; sourceTree = "<group>"; };
		A10200000000000000000014 /* Info.plist */ = {isa = PBXFileReference; lastKnownFileType = text.plist.xml; path = Info.plist; sourceTree = "<group>"; };
		A10200000000000000000015 /* Assets.xcassets */ = {isa = PBXFileReference; lastKnownFileType = folder.assetcatalog; path = Assets.xcassets; sourceTree = "<group>"; };
/* End PBXFileReference section */

/* Begin PBXFrameworksBuildPhase section */
		A10300000000000000000001 /* Frameworks */ = {
			isa = PBXFrameworksBuildPhase;
			buildActionMask = 2147483647;
			files = (
			);
			runOnlyForDeploymentPostprocessing = 0;
		};
/* End PBXFrameworksBuildPhase section */

/* Begin PBXGroup section */
		A10400000000000000000001 = {
			isa = PBXGroup;
			children = (
				A10400000000000000000002 /* Spellbook */,
				A10400000000000000000003 /* Products */,
			);
			sourceTree = "<group>";
		};
		A10400000000000000000002 /* Spellbook */ = {
			isa = PBXGroup;
			children = (
				A10200000000000000000009 /* SpellbookApp.swift */,
				A10200000000000000000015 /* Assets.xcassets */,
				A10200000000000000000001 /* AuthViews.swift */,
				A10200000000000000000004 /* MainView.swift */,
				A10200000000000000000007 /* SpellPages.swift */,
				A10200000000000000000006 /* Spell.swift */,
				A10200000000000000000005 /* Session.swift */,
				A10200000000000000000013 /* DeepLinkModel.swift */,
				A10200000000000000000008 /* SpellbookAPI.swift */,
				A10200000000000000000003 /* LocalSpellStore.swift */,
				A10200000000000000000002 /* InstructionManager.swift */,
				A10200000000000000000010 /* URL+Spellbook.swift */,
				A10200000000000000000011 /* Spellbook.entitlements */,
				A10200000000000000000014 /* Info.plist */,
			);
			path = Spellbook;
			sourceTree = "<group>";
		};
		A10400000000000000000003 /* Products */ = {
			isa = PBXGroup;
			children = (
				A10200000000000000000012 /* Raddus Spellbook.app */,
			);
			name = Products;
			sourceTree = "<group>";
		};
/* End PBXGroup section */

/* Begin PBXNativeTarget section */
		A10500000000000000000001 /* Spellbook */ = {
			isa = PBXNativeTarget;
			buildConfigurationList = A10800000000000000000002 /* Build configuration list for PBXNativeTarget "Spellbook" */;
			buildPhases = (
				A10600000000000000000001 /* Sources */,
				A10300000000000000000001 /* Frameworks */,
				A10700000000000000000001 /* Resources */,
			);
			buildRules = (
			);
			dependencies = (
			);
			name = Spellbook;
			productName = Spellbook;
			productReference = A10200000000000000000012 /* Raddus Spellbook.app */;
			productType = "com.apple.product-type.application";
		};
/* End PBXNativeTarget section */

/* Begin PBXProject section */
		A10900000000000000000001 /* Project object */ = {
			isa = PBXProject;
			attributes = {
				BuildIndependentTargetsInParallel = 1;
				LastSwiftUpdateCheck = 1600;
				LastUpgradeCheck = 1600;
				TargetAttributes = {
					A10500000000000000000001 = {
						CreatedOnToolsVersion = 16.0;
					};
				};
			};
			buildConfigurationList = A10800000000000000000001 /* Build configuration list for PBXProject "Spellbook" */;
			compatibilityVersion = "Xcode 14.0";
			developmentRegion = en;
			hasScannedForEncodings = 0;
			knownRegions = (
				en,
				Base,
			);
			mainGroup = A10400000000000000000001;
			productRefGroup = A10400000000000000000003 /* Products */;
			projectDirPath = "";
			projectRoot = "";
			targets = (
				A10500000000000000000001 /* Spellbook */,
			);
		};
/* End PBXProject section */

/* Begin PBXResourcesBuildPhase section */
		A10700000000000000000001 /* Resources */ = {
			isa = PBXResourcesBuildPhase;
			buildActionMask = 2147483647;
			files = (
				A10100000000000000000012 /* Assets.xcassets in Resources */,
			);
			runOnlyForDeploymentPostprocessing = 0;
		};
/* End PBXResourcesBuildPhase section */

/* Begin PBXSourcesBuildPhase section */
		A10600000000000000000001 /* Sources */ = {
			isa = PBXSourcesBuildPhase;
			buildActionMask = 2147483647;
			files = (
				A10100000000000000000009 /* SpellbookApp.swift in Sources */,
				A10100000000000000000001 /* AuthViews.swift in Sources */,
				A10100000000000000000004 /* MainView.swift in Sources */,
				A10100000000000000000007 /* SpellPages.swift in Sources */,
				A10100000000000000000006 /* Spell.swift in Sources */,
				A10100000000000000000005 /* Session.swift in Sources */,
				A10100000000000000000011 /* DeepLinkModel.swift in Sources */,
				A10100000000000000000008 /* SpellbookAPI.swift in Sources */,
				A10100000000000000000003 /* LocalSpellStore.swift in Sources */,
				A10100000000000000000002 /* InstructionManager.swift in Sources */,
				A10100000000000000000010 /* URL+Spellbook.swift in Sources */,
			);
			runOnlyForDeploymentPostprocessing = 0;
		};
/* End PBXSourcesBuildPhase section */

/* Begin XCBuildConfiguration section */
		A11000000000000000000001 /* Debug */ = {
			isa = XCBuildConfiguration;
			buildSettings = {
				ALWAYS_SEARCH_USER_PATHS = NO;
				CLANG_ANALYZER_NONNULL = YES;
				CLANG_ANALYZER_NUMBER_OBJECT_CONVERSION = YES_AGGRESSIVE;
				CLANG_CXX_LANGUAGE_STANDARD = "gnu++20";
				CLANG_ENABLE_MODULES = YES;
				CLANG_ENABLE_OBJC_ARC = YES;
				CLANG_ENABLE_OBJC_WEAK = YES;
				CLANG_WARN_BLOCK_CAPTURE_AUTORELEASING = YES;
				CLANG_WARN_BOOL_CONVERSION = YES;
				CLANG_WARN_COMMA = YES;
				CLANG_WARN_CONSTANT_CONVERSION = YES;
				CLANG_WARN_DEPRECATED_OBJC_IMPLEMENTATIONS = YES;
				CLANG_WARN_DIRECT_OBJC_ISA_USAGE = YES_ERROR;
				CLANG_WARN_DOCUMENTATION_COMMENTS = YES;
				CLANG_WARN_EMPTY_BODY = YES;
				CLANG_WARN_ENUM_CONVERSION = YES;
				CLANG_WARN_INFINITE_RECURSION = YES;
				CLANG_WARN_INT_CONVERSION = YES;
				CLANG_WARN_NON_LITERAL_NULL_CONVERSION = YES;
				CLANG_WARN_OBJC_IMPLICIT_RETAIN_SELF = YES;
				CLANG_WARN_OBJC_LITERAL_CONVERSION = YES;
				CLANG_WARN_OBJC_ROOT_CLASS = YES_ERROR;
				CLANG_WARN_QUOTED_INCLUDE_IN_FRAMEWORK_HEADER = YES;
				CLANG_WARN_RANGE_LOOP_ANALYSIS = YES;
				CLANG_WARN_STRICT_PROTOTYPES = YES;
				CLANG_WARN_SUSPICIOUS_MOVE = YES;
				CLANG_WARN_UNGUARDED_AVAILABILITY = YES_AGGRESSIVE;
				CLANG_WARN_UNREACHABLE_CODE = YES;
				CLANG_WARN__DUPLICATE_METHOD_MATCH = YES;
				COPY_PHASE_STRIP = NO;
				DEBUG_INFORMATION_FORMAT = dwarf;
				ENABLE_STRICT_OBJC_MSGSEND = YES;
				ENABLE_TESTABILITY = YES;
				ENABLE_USER_SCRIPT_SANDBOXING = YES;
				GCC_C_LANGUAGE_STANDARD = gnu17;
				GCC_DYNAMIC_NO_PIC = NO;
				GCC_NO_COMMON_BLOCKS = YES;
				GCC_OPTIMIZATION_LEVEL = 0;
				GCC_PREPROCESSOR_DEFINITIONS = (
					"DEBUG=1",
					"$(inherited)",
				);
				GCC_WARN_64_TO_32_BIT_CONVERSION = YES;
				GCC_WARN_ABOUT_RETURN_TYPE = YES_ERROR;
				GCC_WARN_UNDECLARED_SELECTOR = YES;
				GCC_WARN_UNINITIALIZED_AUTOS = YES_AGGRESSIVE;
				GCC_WARN_UNUSED_FUNCTION = YES;
				GCC_WARN_UNUSED_VARIABLE = YES;
				LOCALIZATION_PREFERS_STRING_CATALOGS = YES;
				MACOSX_DEPLOYMENT_TARGET = 13.0;
				MTL_ENABLE_DEBUG_INFO = INCLUDE_SOURCE;
				MTL_FAST_MATH = YES;
				ONLY_ACTIVE_ARCH = YES;
				SDKROOT = macosx;
				SWIFT_ACTIVE_COMPILATION_CONDITIONS = "DEBUG $(inherited)";
				SWIFT_OPTIMIZATION_LEVEL = "-Onone";
			};
			name = Debug;
		};
		A11000000000000000000002 /* Release */ = {
			isa = XCBuildConfiguration;
			buildSettings = {
				ALWAYS_SEARCH_USER_PATHS = NO;
				CLANG_ANALYZER_NONNULL = YES;
				CLANG_ANALYZER_NUMBER_OBJECT_CONVERSION = YES_AGGRESSIVE;
				CLANG_CXX_LANGUAGE_STANDARD = "gnu++20";
				CLANG_ENABLE_MODULES = YES;
				CLANG_ENABLE_OBJC_ARC = YES;
				CLANG_ENABLE_OBJC_WEAK = YES;
				CLANG_WARN_BLOCK_CAPTURE_AUTORELEASING = YES;
				CLANG_WARN_BOOL_CONVERSION = YES;
				CLANG_WARN_COMMA = YES;
				CLANG_WARN_CONSTANT_CONVERSION = YES;
				CLANG_WARN_DEPRECATED_OBJC_IMPLEMENTATIONS = YES;
				CLANG_WARN_DIRECT_OBJC_ISA_USAGE = YES_ERROR;
				CLANG_WARN_DOCUMENTATION_COMMENTS = YES;
				CLANG_WARN_EMPTY_BODY = YES;
				CLANG_WARN_ENUM_CONVERSION = YES;
				CLANG_WARN_INFINITE_RECURSION = YES;
				CLANG_WARN_INT_CONVERSION = YES;
				CLANG_WARN_NON_LITERAL_NULL_CONVERSION = YES;
				CLANG_WARN_OBJC_IMPLICIT_RETAIN_SELF = YES;
				CLANG_WARN_OBJC_LITERAL_CONVERSION = YES;
				CLANG_WARN_OBJC_ROOT_CLASS = YES_ERROR;
				CLANG_WARN_QUOTED_INCLUDE_IN_FRAMEWORK_HEADER = YES;
				CLANG_WARN_RANGE_LOOP_ANALYSIS = YES;
				CLANG_WARN_STRICT_PROTOTYPES = YES;
				CLANG_WARN_SUSPICIOUS_MOVE = YES;
				CLANG_WARN_UNGUARDED_AVAILABILITY = YES_AGGRESSIVE;
				CLANG_WARN_UNREACHABLE_CODE = YES;
				CLANG_WARN__DUPLICATE_METHOD_MATCH = YES;
				COPY_PHASE_STRIP = NO;
				DEBUG_INFORMATION_FORMAT = "dwarf-with-dsym";
				ENABLE_NS_ASSERTIONS = NO;
				ENABLE_STRICT_OBJC_MSGSEND = YES;
				ENABLE_USER_SCRIPT_SANDBOXING = YES;
				GCC_C_LANGUAGE_STANDARD = gnu17;
				GCC_NO_COMMON_BLOCKS = YES;
				GCC_WARN_64_TO_32_BIT_CONVERSION = YES;
				GCC_WARN_ABOUT_RETURN_TYPE = YES_ERROR;
				GCC_WARN_UNDECLARED_SELECTOR = YES;
				GCC_WARN_UNINITIALIZED_AUTOS = YES_AGGRESSIVE;
				GCC_WARN_UNUSED_FUNCTION = YES;
				GCC_WARN_UNUSED_VARIABLE = YES;
				LOCALIZATION_PREFERS_STRING_CATALOGS = YES;
				MACOSX_DEPLOYMENT_TARGET = 13.0;
				MTL_ENABLE_DEBUG_INFO = NO;
				MTL_FAST_MATH = YES;
				SDKROOT = macosx;
				SWIFT_COMPILATION_MODE = wholemodule;
			};
			name = Release;
		};
		A11000000000000000000003 /* Debug */ = {
			isa = XCBuildConfiguration;
			buildSettings = {
				ASSETCATALOG_COMPILER_APPICON_NAME = AppIcon;
				ASSETCATALOG_COMPILER_GENERATE_SWIFT_ASSET_SYMBOL_EXTENSIONS = YES;
				CODE_SIGN_ENTITLEMENTS = Spellbook/Spellbook.entitlements;
				"CODE_SIGN_IDENTITY[sdk=macosx*]" = "Apple Development";
				CODE_SIGN_STYLE = Automatic;
				COMBINE_HIDPI_IMAGES = YES;
				CURRENT_PROJECT_VERSION = 1;
				DEVELOPMENT_TEAM = 5987P7MLK8;
				ENABLE_HARDENED_RUNTIME = YES;
				GENERATE_INFOPLIST_FILE = NO;
				INFOPLIST_FILE = Spellbook/Info.plist;
				MACOSX_DEPLOYMENT_TARGET = 13.0;
				MARKETING_VERSION = 0.1.0;
				PRODUCT_BUNDLE_IDENTIFIER = com.raddus.spellbook;
				PRODUCT_NAME = "Raddus Spellbook";
				SKIP_INSTALL = NO;
				SWIFT_EMIT_LOC_STRINGS = YES;
				SWIFT_VERSION = 5.0;
			};
			name = Debug;
		};
		A11000000000000000000004 /* Release */ = {
			isa = XCBuildConfiguration;
			buildSettings = {
				ASSETCATALOG_COMPILER_APPICON_NAME = AppIcon;
				ASSETCATALOG_COMPILER_GENERATE_SWIFT_ASSET_SYMBOL_EXTENSIONS = YES;
				CODE_SIGN_ENTITLEMENTS = Spellbook/Spellbook.entitlements;
				"CODE_SIGN_IDENTITY[sdk=macosx*]" = "Apple Development";
				CODE_SIGN_STYLE = Automatic;
				COMBINE_HIDPI_IMAGES = YES;
				CURRENT_PROJECT_VERSION = 1;
				DEVELOPMENT_TEAM = 5987P7MLK8;
				ENABLE_HARDENED_RUNTIME = YES;
				GENERATE_INFOPLIST_FILE = NO;
				INFOPLIST_FILE = Spellbook/Info.plist;
				MACOSX_DEPLOYMENT_TARGET = 13.0;
				MARKETING_VERSION = 0.1.0;
				PRODUCT_BUNDLE_IDENTIFIER = com.raddus.spellbook;
				PRODUCT_NAME = "Raddus Spellbook";
				SKIP_INSTALL = NO;
				SWIFT_EMIT_LOC_STRINGS = YES;
				SWIFT_VERSION = 5.0;
				VALIDATE_PRODUCT = YES;
			};
			name = Release;
		};
/* End XCBuildConfiguration section */

/* Begin XCConfigurationList section */
		A10800000000000000000001 /* Build configuration list for PBXProject "Spellbook" */ = {
			isa = XCConfigurationList;
			buildConfigurations = (
				A11000000000000000000001 /* Debug */,
				A11000000000000000000002 /* Release */,
			);
			defaultConfigurationIsVisible = 0;
			defaultConfigurationName = Release;
		};
		A10800000000000000000002 /* Build configuration list for PBXNativeTarget "Spellbook" */ = {
			isa = XCConfigurationList;
			buildConfigurations = (
				A11000000000000000000003 /* Debug */,
				A11000000000000000000004 /* Release */,
			);
			defaultConfigurationIsVisible = 0;
			defaultConfigurationName = Release;
		};
/* End XCConfigurationList section */
	};
	rootObject = A10900000000000000000001 /* Project object */;
}
